
Microsoft Visual Studio Solution File, Format Version 12.00
# Visual Studio 15
VisualStudioVersion = 15.0.27004.2006
MinimumVisualStudioVersion = 10.0.40219.1
Project("{F184B08F-C81C-45F6-A57F-5ABD9991F28F}") = "WebAli_002", "WebAli_002\WebAli_002.vbproj", "{3C3F611E-8AF5-4817-9963-958B80763E72}"
EndProject
Global
	GlobalSection(SolutionConfigurationPlatforms) = preSolution
		Debug|Any CPU = Debug|Any CPU
		Release|Any CPU = Release|Any CPU
	EndGlobalSection
	GlobalSection(ProjectConfigurationPlatforms) = postSolution
		{3C3F611E-8AF5-4817-9963-958B80763E72}.Debug|Any CPU.ActiveCfg = Debug|Any CPU
		{3C3F611E-8AF5-4817-9963-958B80763E72}.Debug|Any CPU.Build.0 = Debug|Any CPU
		{3C3F611E-8AF5-4817-9963-958B80763E72}.Release|Any CPU.ActiveCfg = Release|Any CPU
		{3C3F611E-8AF5-4817-9963-958B80763E72}.Release|Any CPU.Build.0 = Release|Any CPU
	EndGlobalSection
	GlobalSection(SolutionProperties) = preSolution
		HideSolutionNode = FALSE
	EndGlobalSection
	GlobalSection(ExtensibilityGlobals) = postSolution
		SolutionGuid = {8F7C3A27-2AA8-4EDB-A490-AE8138AC0CC0}
	EndGlobalSection
EndGlobal
